
Microsoft Visual Studio Solution File, Format Version 12.00
# Visual Studio Version 17
VisualStudioVersion = 17.1.32210.238
MinimumVisualStudioVersion = 10.0.40219.1
Project("{FAE04EC0-301F-11D3-BF4B-00C04F79EFBC}") = "project", "project\project.csproj", "{978A0D72-3DAF-4990-BEFD-7D19EC3C1641}"
EndProject
Global
	GlobalSection(SolutionConfigurationPlatforms) = preSolution
		Debug|Any CPU = Debug|Any CPU
		Release|Any CPU = Release|Any CPU
	EndGlobalSection
	GlobalSection(ProjectConfigurationPlatforms) = postSolution
		{978A0D72-3DAF-4990-BEFD-7D19EC3C1641}.Debug|Any CPU.ActiveCfg = Debug|Any CPU
		{978A0D72-3DAF-4990-BEFD-7D19EC3C1641}.Debug|Any CPU.Build.0 = Debug|Any CPU
		{978A0D72-3DAF-4990-BEFD-7D19EC3C1641}.Release|Any CPU.ActiveCfg = Release|Any CPU
		{978A0D72-3DAF-4990-BEFD-7D19EC3C1641}.Release|Any CPU.Build.0 = Release|Any CPU
	EndGlobalSection
	GlobalSection(SolutionProperties) = preSolution
		HideSolutionNode = FALSE
	EndGlobalSection
	GlobalSection(ExtensibilityGlobals) = postSolution
		SolutionGuid = {C2A5D300-88BE-439B-8465-2AEF5C0701C3}
	EndGlobalSection
EndGlobal
